# THIS IS AN AUTOGENERATED FILE. DO NOT EDIT THIS FILE DIRECTLY.
# yarn lockfile v1


"@babel/runtime@^7.3.1", "@babel/runtime@^7.4.4", "@babel/runtime@^7.5.5", "@babel/runtime@^7.8.3", "@babel/runtime@^7.8.7":
  version "7.12.13"
  resolved "https://registry.yarnpkg.com/@babel/runtime/-/runtime-7.12.13.tgz#0a21452352b02542db0ffb928ac2d3ca7cb6d66d"
  integrity sha512-8+3UMPBrjFa/6TtKi/7sehPKqfAm4g6K+YQjyyFOLUTxzOngcRZTlAVY8sc2CORJYqdHQY8gRPHmn+qo15rCBw==
  dependencies:
    regenerator-runtime "^0.13.4"

"@emotion/hash@^0.8.0":
  version "0.8.0"
  resolved "https://registry.yarnpkg.com/@emotion/hash/-/hash-0.8.0.tgz#bbbff68978fefdbe68ccb533bc8cbe1d1afb5413"
  integrity sha512-kBJtf7PH6aWwZ6fka3zQ0p6SBYzx4fl1LoZXE2RrnYST9Xljm7WfKJrU4g/Xr3Beg72MLrp1AWNUmuYJTL7Cow==

"@emotion/is-prop-valid@^0.8.2":
  version "0.8.8"
  resolved "https://registry.yarnpkg.com/@emotion/is-prop-valid/-/is-prop-valid-0.8.8.tgz#db28b1c4368a259b60a97311d6a952d4fd01ac1a"
  integrity sha512-u5WtneEAr5IDG2Wv65yhunPSMLIpuKsbuOktRojfrEiEvRyC85LgPMZI63cr7NUqT8ZIGdSVg8ZKGxIug4lXcA==
  dependencies:
    "@emotion/memoize" "0.7.4"

"@emotion/memoize@0.7.4":
  version "0.7.4"
  resolved "https://registry.yarnpkg.com/@emotion/memoize/-/memoize-0.7.4.tgz#19bf0f5af19149111c40d98bb0cf82119f5d9eeb"
  integrity sha512-Ja/Vfqe3HpuzRsG1oBtWTHk2PGZ7GR+2Vz5iYGelAw8dx32K0y7PjVuxK6z1nMpZOqAFsRUPCkK1YjJ56qJlgw==

"@framer/floris.unsplash@^1.1.0":
  version "1.1.0"
  resolved "https://registry.framer.com/@framer/floris.unsplash/-/@framer/floris.unsplash-1.1.0.tgz#1fb80fd4db4d9bd46bf20a6c1da3d83f756caa0a"
  integrity sha1-H7gP1NtNm9Rr8gpsHaPYP3Vsqgo=

"@framer/framer.default@^1.71.0":
  version "1.71.0"
  resolved "https://registry.framer.com/@framer/framer.default/-/@framer/framer.default-1.71.0.tgz#b9686541c57222025cfc7d582578c9fabe4419ee"
  integrity sha512-W0WKtDLtRUpVX9saVbwhCOv0nu6OGhQg7B5MWflXzsADLavhLkLjKWYgUCmICGE7xfqXdP5yeiMJJacXYgYlAA==
  dependencies:
    react-feather "^2.0.3"

"@framer/framer.default@^1.90.0":
  version "1.102.0"
  resolved "https://registry.framer.com/@framer/framer.default/-/@framer/framer.default-1.102.0.tgz#e390e19a5c2d45b73345c2f8e3dea04b0cb911d6"
  integrity sha512-CGjzSvy3iHkNOMmybvMxajHDdlhssasJvaSdGEP+mhzGPe8U8cfadz/jh5Yz81UiJMSEobBeTqvci2ny9Xn/pQ==

"@framer/framer.material@^1.1.0":
  version "1.1.0"
  resolved "https://registry.framer.com/@framer/framer.material/-/@framer/framer.material-1.1.0.tgz#ef0e7aef674fa835675452a7fcd4666b5d643b54"
  integrity sha512-swF57dX6ank159EJ6zAVTuUDdiq9gwcXDq9RY8L0S1EAx1WfUa/H8dNok8WeOxfRmtj95CxtjB+3cDDq2HZ/aw==
  dependencies:
    "@framer/framer.default" "^1.90.0"
    "@material-ui/core" "^4.11.1"
    "@material-ui/icons" "^4.9.1"

"@framer/maximedegreve.tinyfaces@^1.4.0":
  version "1.4.0"
  resolved "https://registry.framer.com/@framer/maximedegreve.tinyfaces/-/@framer/maximedegreve.tinyfaces-1.4.0.tgz#1dc72e2f5f564f77f95f22cf1a586b2a060b0590"
  integrity sha512-hchdqzkQjDvHFP7H0WN7wHfFufxM7XBLIWvG+22mNc4GawL/CSRYwssk1ao8ivniXmlqP076KRaooBpIUXfe7A==

"@framer/steveruizok.responsive-layout-component@^1.17.0":
  version "1.17.0"
  resolved "https://registry.framer.com/@framer/steveruizok.responsive-layout-component/-/@framer/steveruizok.responsive-layout-component-1.17.0.tgz#f49357261e8e7da96ba8dcc0ae00939298996ab2"
  integrity sha512-8afzSi3C9lrPiVUrT0cglxXu+CVnKKa25rp2NHg7VA/iHpcqekgYDXeqqk1BKGH+Za0ljefN8MtRN0fBW2POxg==

"@framer/zach.browser@^1.4.0":
  version "1.4.0"
  resolved "https://registry.framer.com/@framer/zach.browser/-/@framer/zach.browser-1.4.0.tgz#a59ef0feb9172bc905ab343545a4bbe7ab03a13f"
  integrity sha512-DNmmNnJOtZPw3Sgp5kILbBoC+/K9O1+Tg2FssNlN0UuEWjrdadPC1I41giPsPyiyPsfPnD6VNLEOvFx9PpPsog==
  dependencies:
    "@framer/floris.unsplash" "^1.1.0"

"@material-ui/core@^4.11.1":
  version "4.11.3"
  resolved "https://registry.yarnpkg.com/@material-ui/core/-/core-4.11.3.tgz#f22e41775b0bd075e36a7a093d43951bf7f63850"
  integrity sha512-Adt40rGW6Uds+cAyk3pVgcErpzU/qxc7KBR94jFHBYretU4AtWZltYcNsbeMn9tXL86jjVL1kuGcIHsgLgFGRw==
  dependencies:
    "@babel/runtime" "^7.4.4"
    "@material-ui/styles" "^4.11.3"
    "@material-ui/system" "^4.11.3"
    "@material-ui/types" "^5.1.0"
    "@material-ui/utils" "^4.11.2"
    "@types/react-transition-group" "^4.2.0"
    clsx "^1.0.4"
    hoist-non-react-statics "^3.3.2"
    popper.js "1.16.1-lts"
    prop-types "^15.7.2"
    react-is "^16.8.0 || ^17.0.0"
    react-transition-group "^4.4.0"

"@material-ui/icons@^4.9.1":
  version "4.11.2"
  resolved "https://registry.yarnpkg.com/@material-ui/icons/-/icons-4.11.2.tgz#b3a7353266519cd743b6461ae9fdfcb1b25eb4c5"
  integrity sha512-fQNsKX2TxBmqIGJCSi3tGTO/gZ+eJgWmMJkgDiOfyNaunNaxcklJQFaFogYcFl0qFuaEz1qaXYXboa/bUXVSOQ==
  dependencies:
    "@babel/runtime" "^7.4.4"

"@material-ui/styles@^4.11.3":
  version "4.11.3"
  resolved "https://registry.yarnpkg.com/@material-ui/styles/-/styles-4.11.3.tgz#1b8d97775a4a643b53478c895e3f2a464e8916f2"
  integrity sha512-HzVzCG+PpgUGMUYEJ2rTEmQYeonGh41BYfILNFb/1ueqma+p1meSdu4RX6NjxYBMhf7k+jgfHFTTz+L1SXL/Zg==
  dependencies:
    "@babel/runtime" "^7.4.4"
    "@emotion/hash" "^0.8.0"
    "@material-ui/types" "^5.1.0"
    "@material-ui/utils" "^4.11.2"
    clsx "^1.0.4"
    csstype "^2.5.2"
    hoist-non-react-statics "^3.3.2"
    jss "^10.5.1"
    jss-plugin-camel-case "^10.5.1"
    jss-plugin-default-unit "^10.5.1"
    jss-plugin-global "^10.5.1"
    jss-plugin-nested "^10.5.1"
    jss-plugin-props-sort "^10.5.1"
    jss-plugin-rule-value-function "^10.5.1"
    jss-plugin-vendor-prefixer "^10.5.1"
    prop-types "^15.7.2"

"@material-ui/system@^4.11.3":
  version "4.11.3"
  resolved "https://registry.yarnpkg.com/@material-ui/system/-/system-4.11.3.tgz#466bc14c9986798fd325665927c963eb47cc4143"
  integrity sha512-SY7otguNGol41Mu2Sg6KbBP1ZRFIbFLHGK81y4KYbsV2yIcaEPOmsCK6zwWlp+2yTV3J/VwT6oSBARtGIVdXPw==
  dependencies:
    "@babel/runtime" "^7.4.4"
    "@material-ui/utils" "^4.11.2"
    csstype "^2.5.2"
    prop-types "^15.7.2"

"@material-ui/types@^5.1.0":
  version "5.1.0"
  resolved "https://registry.yarnpkg.com/@material-ui/types/-/types-5.1.0.tgz#efa1c7a0b0eaa4c7c87ac0390445f0f88b0d88f2"
  integrity sha512-7cqRjrY50b8QzRSYyhSpx4WRw2YuO0KKIGQEVk5J8uoz2BanawykgZGoWEqKm7pVIbzFDN0SpPcVV4IhOFkl8A==

"@material-ui/utils@^4.11.2":
  version "4.11.2"
  resolved "https://registry.yarnpkg.com/@material-ui/utils/-/utils-4.11.2.tgz#f1aefa7e7dff2ebcb97d31de51aecab1bb57540a"
  integrity sha512-Uul8w38u+PICe2Fg2pDKCaIG7kOyhowZ9vjiC1FsVwPABTW8vPPKfF6OvxRq3IiBaI1faOJmgdvMG7rMJARBhA==
  dependencies:
    "@babel/runtime" "^7.4.4"
    prop-types "^15.7.2"
    react-is "^16.8.0 || ^17.0.0"

"@types/prop-types@*":
  version "15.7.0"
  resolved "https://registry.yarnpkg.com/@types/prop-types/-/prop-types-15.7.0.tgz#4c48fed958d6dcf9487195a0ef6456d5f6e0163a"
  integrity sha512-eItQyV43bj4rR3JPV0Skpl1SncRCdziTEK9/v8VwXmV6d/qOUO8/EuWeHBbCZcsfSHfzI5UyMJLCSXtxxznyZg==

"@types/react-transition-group@^4.2.0":
  version "4.4.0"
  resolved "https://registry.yarnpkg.com/@types/react-transition-group/-/react-transition-group-4.4.0.tgz#882839db465df1320e4753e6e9f70ca7e9b4d46d"
  integrity sha512-/QfLHGpu+2fQOqQaXh8MG9q03bFENooTb/it4jr5kKaZlDQfWvjqWZg48AwzPVMBHlRuTRAY7hRHCEOXz5kV6w==
  dependencies:
    "@types/react" "*"

"@types/react@*":
  version "17.0.1"
  resolved "https://registry.yarnpkg.com/@types/react/-/react-17.0.1.tgz#eb1f1407dea8da3bc741879c1192aa703ab9975b"
  integrity sha512-w8t9f53B2ei4jeOqf/gxtc2Sswnc3LBK5s0DyJcg5xd10tMHXts2N31cKjWfH9IC/JvEPa/YF1U4YeP1t4R6HQ==
  dependencies:
    "@types/prop-types" "*"
    csstype "^3.0.2"

"@types/react@^16.8":
  version "16.8.4"
  resolved "https://registry.yarnpkg.com/@types/react/-/react-16.8.4.tgz#134307f5266e866d5e7c25e47f31f9abd5b2ea34"
  integrity sha512-Mpz1NNMJvrjf0GcDqiK8+YeOydXfD8Mgag3UtqQ5lXYTsMnOiHcKmO48LiSWMb1rSHB9MV/jlgyNzeAVxWMZRQ==
  dependencies:
    "@types/prop-types" "*"
    csstype "^2.2.0"

clsx@^1.0.4:
  version "1.1.1"
  resolved "https://registry.yarnpkg.com/clsx/-/clsx-1.1.1.tgz#98b3134f9abbdf23b2663491ace13c5c03a73188"
  integrity sha512-6/bPho624p3S2pMyvP5kKBPXnI3ufHLObBFCfgx+LkeR5lg2XYy2hqZqUf45ypD8COn2bhgGJSUE+l5dhNBieA==

css-vendor@^2.0.8:
  version "2.0.8"
  resolved "https://registry.yarnpkg.com/css-vendor/-/css-vendor-2.0.8.tgz#e47f91d3bd3117d49180a3c935e62e3d9f7f449d"
  integrity sha512-x9Aq0XTInxrkuFeHKbYC7zWY8ai7qJ04Kxd9MnvbC1uO5DagxoHQjm4JvG+vCdXOoFtCjbL2XSZfxmoYa9uQVQ==
  dependencies:
    "@babel/runtime" "^7.8.3"
    is-in-browser "^1.0.2"

csstype@^2.2.0:
  version "2.6.1"
  resolved "https://registry.yarnpkg.com/csstype/-/csstype-2.6.1.tgz#4cfbf637a577497036ebcd7e32647ef19a0b8076"
  integrity sha512-wv7IRqCGsL7WGKB8gPvrl+++HlFM9kxAM6jL1EXNPNTshEJYilMkbfS2SnuHha77uosp/YVK0wAp2jmlBzn1tg==

csstype@^2.5.2:
  version "2.6.14"
  resolved "https://registry.yarnpkg.com/csstype/-/csstype-2.6.14.tgz#004822a4050345b55ad4dcc00be1d9cf2f4296de"
  integrity sha512-2mSc+VEpGPblzAxyeR+vZhJKgYg0Og0nnRi7pmRXFYYxSfnOnW8A5wwQb4n4cE2nIOzqKOAzLCaEX6aBmNEv8A==

csstype@^3.0.2:
  version "3.0.6"
  resolved "https://registry.yarnpkg.com/csstype/-/csstype-3.0.6.tgz#865d0b5833d7d8d40f4e5b8a6d76aea3de4725ef"
  integrity sha512-+ZAmfyWMT7TiIlzdqJgjMb7S4f1beorDbWbsocyK4RaiqA5RTX3K14bnBWmmA9QEM0gRdsjyyrEmcyga8Zsxmw==

dom-helpers@^5.0.1:
  version "5.2.0"
  resolved "https://registry.yarnpkg.com/dom-helpers/-/dom-helpers-5.2.0.tgz#57fd054c5f8f34c52a3eeffdb7e7e93cd357d95b"
  integrity sha512-Ru5o9+V8CpunKnz5LGgWXkmrH/20cGKwcHwS4m73zIvs54CN9epEmT/HLqFJW3kXpakAFkEdzgy1hzlJe3E4OQ==
  dependencies:
    "@babel/runtime" "^7.8.7"
    csstype "^3.0.2"

framer-motion@^2.6.12:
  version "2.6.12"
  resolved "https://registry.yarnpkg.com/framer-motion/-/framer-motion-2.6.12.tgz#dfcd21934d8d7759c72249975c02e11ee9185a54"
  integrity sha512-RUzurrphRCpSscd0S8QGTIFXVgWF1mrVeisNgZAHIqctTALVpFo68U0NHzBWyoBDZqH4shHDaVx65n6UgWE9kw==
  dependencies:
    framesync "^4.1.0"
    hey-listen "^1.0.8"
    popmotion "9.0.0-rc.14"
    style-value-types "^3.1.9"
    tslib "^1.10.0"
  optionalDependencies:
    "@emotion/is-prop-valid" "^0.8.2"

framesync@^4.1.0:
  version "4.1.0"
  resolved "https://registry.yarnpkg.com/framesync/-/framesync-4.1.0.tgz#69a8db3ca432dc70d6a76ba882684a1497ef068a"
  integrity sha512-MmgZ4wCoeVxNbx2xp5hN/zPDCbLSKiDt4BbbslK7j/pM2lg5S0vhTNv1v8BCVb99JPIo6hXBFdwzU7Q4qcAaoQ==
  dependencies:
    hey-listen "^1.0.5"

hey-listen@^1.0.5, hey-listen@^1.0.8:
  version "1.0.8"
  resolved "https://registry.yarnpkg.com/hey-listen/-/hey-listen-1.0.8.tgz#8e59561ff724908de1aa924ed6ecc84a56a9aa68"
  integrity sha512-COpmrF2NOg4TBWUJ5UVyaCU2A88wEMkUPK4hNqyCkqHbxT92BbvfjoSozkAIIm6XhicGlJHhFdullInrdhwU8Q==

hoist-non-react-statics@^3.3.2:
  version "3.3.2"
  resolved "https://registry.yarnpkg.com/hoist-non-react-statics/-/hoist-non-react-statics-3.3.2.tgz#ece0acaf71d62c2969c2ec59feff42a4b1a85b45"
  integrity sha512-/gGivxi8JPKWNm/W0jSmzcMPpfpPLc3dY/6GxhX2hQ9iGj3aDfklV4ET7NjKpSinLpJ5vafa9iiGIEZg10SfBw==
  dependencies:
    react-is "^16.7.0"

hyphenate-style-name@^1.0.3:
  version "1.0.4"
  resolved "https://registry.yarnpkg.com/hyphenate-style-name/-/hyphenate-style-name-1.0.4.tgz#691879af8e220aea5750e8827db4ef62a54e361d"
  integrity sha512-ygGZLjmXfPHj+ZWh6LwbC37l43MhfztxetbFCoYTM2VjkIUpeHgSNn7QIyVFj7YQ1Wl9Cbw5sholVJPzWvC2MQ==

indefinite-observable@^2.0.1:
  version "2.0.1"
  resolved "https://registry.yarnpkg.com/indefinite-observable/-/indefinite-observable-2.0.1.tgz#574af29bfbc17eb5947793797bddc94c9d859400"
  integrity sha512-G8vgmork+6H9S8lUAg1gtXEj2JxIQTo0g2PbFiYOdjkziSI0F7UYBiVwhZRuixhBCNGczAls34+5HJPyZysvxQ==
  dependencies:
    symbol-observable "1.2.0"

is-in-browser@^1.0.2, is-in-browser@^1.1.3:
  version "1.1.3"
  resolved "https://registry.yarnpkg.com/is-in-browser/-/is-in-browser-1.1.3.tgz#56ff4db683a078c6082eb95dad7dc62e1d04f835"
  integrity sha1-Vv9NtoOgeMYILrldrX3GLh0E+DU=

"js-tokens@^3.0.0 || ^4.0.0":
  version "4.0.0"
  resolved "https://registry.yarnpkg.com/js-tokens/-/js-tokens-4.0.0.tgz#19203fb59991df98e3a287050d4647cdeaf32499"
  integrity sha512-RdJUflcE3cUzKiMqQgsCu06FPu9UdIJO0beYbPhHN4k6apgJtifcoCtT9bcxOpYBtpD2kCM6Sbzg4CausW/PKQ==

jss-plugin-camel-case@^10.5.1:
  version "10.5.1"
  resolved "https://registry.yarnpkg.com/jss-plugin-camel-case/-/jss-plugin-camel-case-10.5.1.tgz#427b24a9951b4c2eaa7e3d5267acd2e00b0934f9"
  integrity sha512-9+oymA7wPtswm+zxVti1qiowC5q7bRdCJNORtns2JUj/QHp2QPXYwSNRD8+D2Cy3/CEMtdJzlNnt5aXmpS6NAg==
  dependencies:
    "@babel/runtime" "^7.3.1"
    hyphenate-style-name "^1.0.3"
    jss "10.5.1"

jss-plugin-default-unit@^10.5.1:
  version "10.5.1"
  resolved "https://registry.yarnpkg.com/jss-plugin-default-unit/-/jss-plugin-default-unit-10.5.1.tgz#2be385d71d50aee2ee81c2a9ac70e00592ed861b"
  integrity sha512-D48hJBc9Tj3PusvlillHW8Fz0y/QqA7MNmTYDQaSB/7mTrCZjt7AVRROExoOHEtd2qIYKOYJW3Jc2agnvsXRlQ==
  dependencies:
    "@babel/runtime" "^7.3.1"
    jss "10.5.1"

jss-plugin-global@^10.5.1:
  version "10.5.1"
  resolved "https://registry.yarnpkg.com/jss-plugin-global/-/jss-plugin-global-10.5.1.tgz#0e1793dea86c298360a7e2004721351653c7e764"
  integrity sha512-jX4XpNgoaB8yPWw/gA1aPXJEoX0LNpvsROPvxlnYe+SE0JOhuvF7mA6dCkgpXBxfTWKJsno7cDSCgzHTocRjCQ==
  dependencies:
    "@babel/runtime" "^7.3.1"
    jss "10.5.1"

jss-plugin-nested@^10.5.1:
  version "10.5.1"
  resolved "https://registry.yarnpkg.com/jss-plugin-nested/-/jss-plugin-nested-10.5.1.tgz#8753a80ad31190fb6ac6fdd39f57352dcf1295bb"
  integrity sha512-xXkWKOCljuwHNjSYcXrCxBnjd8eJp90KVFW1rlhvKKRXnEKVD6vdKXYezk2a89uKAHckSvBvBoDGsfZrldWqqQ==
  dependencies:
    "@babel/runtime" "^7.3.1"
    jss "10.5.1"
    tiny-warning "^1.0.2"

jss-plugin-props-sort@^10.5.1:
  version "10.5.1"
  resolved "https://registry.yarnpkg.com/jss-plugin-props-sort/-/jss-plugin-props-sort-10.5.1.tgz#ab1c167fd2d4506fb6a1c1d66c5f3ef545ff1cd8"
  integrity sha512-t+2vcevNmMg4U/jAuxlfjKt46D/jHzCPEjsjLRj/J56CvP7Iy03scsUP58Iw8mVnaV36xAUZH2CmAmAdo8994g==
  dependencies:
    "@babel/runtime" "^7.3.1"
    jss "10.5.1"

jss-plugin-rule-value-function@^10.5.1:
  version "10.5.1"
  resolved "https://registry.yarnpkg.com/jss-plugin-rule-value-function/-/jss-plugin-rule-value-function-10.5.1.tgz#37f4030523fb3032c8801fab48c36c373004de7e"
  integrity sha512-3gjrSxsy4ka/lGQsTDY8oYYtkt2esBvQiceGBB4PykXxHoGRz14tbCK31Zc6DHEnIeqsjMUGbq+wEly5UViStQ==
  dependencies:
    "@babel/runtime" "^7.3.1"
    jss "10.5.1"
    tiny-warning "^1.0.2"

jss-plugin-vendor-prefixer@^10.5.1:
  version "10.5.1"
  resolved "https://registry.yarnpkg.com/jss-plugin-vendor-prefixer/-/jss-plugin-vendor-prefixer-10.5.1.tgz#45a183a3a0eb097bdfab0986b858d99920c0bbd8"
  integrity sha512-cLkH6RaPZWHa1TqSfd2vszNNgxT1W0omlSjAd6hCFHp3KIocSrW21gaHjlMU26JpTHwkc+tJTCQOmE/O1A4FKQ==
  dependencies:
    "@babel/runtime" "^7.3.1"
    css-vendor "^2.0.8"
    jss "10.5.1"

jss@10.5.1, jss@^10.5.1:
  version "10.5.1"
  resolved "https://registry.yarnpkg.com/jss/-/jss-10.5.1.tgz#93e6b2428c840408372d8b548c3f3c60fa601c40"
  integrity sha512-hbbO3+FOTqVdd7ZUoTiwpHzKXIo5vGpMNbuXH1a0wubRSWLWSBvwvaq4CiHH/U42CmjOnp6lVNNs/l+Z7ZdDmg==
  dependencies:
    "@babel/runtime" "^7.3.1"
    csstype "^3.0.2"
    indefinite-observable "^2.0.1"
    is-in-browser "^1.1.3"
    tiny-warning "^1.0.2"

loose-envify@^1.4.0:
  version "1.4.0"
  resolved "https://registry.yarnpkg.com/loose-envify/-/loose-envify-1.4.0.tgz#71ee51fa7be4caec1a63839f7e682d8132d30caf"
  integrity sha512-lyuxPGr/Wfhrlem2CL/UcnUc1zcqKAImBDzukY7Y5F/yQiNdko6+fRLevlw1HgMySw7f611UIY408EtxRSoK3Q==
  dependencies:
    js-tokens "^3.0.0 || ^4.0.0"

module-alias@^2.2.2:
  version "2.2.2"
  resolved "https://registry.yarnpkg.com/module-alias/-/module-alias-2.2.2.tgz#151cdcecc24e25739ff0aa6e51e1c5716974c0e0"
  integrity sha512-A/78XjoX2EmNvppVWEhM2oGk3x4lLxnkEA4jTbaK97QKSDjkIoOsKQlfylt/d3kKKi596Qy3NP5XrXJ6fZIC9Q==

object-assign@^4.1.1:
  version "4.1.1"
  resolved "https://registry.yarnpkg.com/object-assign/-/object-assign-4.1.1.tgz#2109adc7965887cfc05cbbd442cac8bfbb360863"
  integrity sha1-IQmtx5ZYh8/AXLvUQsrIv7s2CGM=

popmotion@9.0.0-rc.14:
  version "9.0.0-rc.14"
  resolved "https://registry.yarnpkg.com/popmotion/-/popmotion-9.0.0-rc.14.tgz#e57351b7b85a3e42b7a16affbbd440138797c11f"
  integrity sha512-zdMw1OSKjFBH+KKpZx7P+cGSUb3QCqg5QD12f6llucUeEFT+SDZYxvTY09JI23ZcJyzxgKFT1anbLq0eZ9bj3g==
  dependencies:
    framesync "^4.1.0"
    hey-listen "^1.0.8"
    style-value-types "^3.1.9"
    tslib "^1.10.0"

popper.js@1.16.1-lts:
  version "1.16.1-lts"
  resolved "https://registry.yarnpkg.com/popper.js/-/popper.js-1.16.1-lts.tgz#cf6847b807da3799d80ee3d6d2f90df8a3f50b05"
  integrity sha512-Kjw8nKRl1m+VrSFCoVGPph93W/qrSO7ZkqPpTf7F4bk/sqcfWK019dWBUpE/fBOsOQY1dks/Bmcbfn1heM/IsA==

prop-types@^15.6.2, prop-types@^15.7.2:
  version "15.7.2"
  resolved "https://registry.yarnpkg.com/prop-types/-/prop-types-15.7.2.tgz#52c41e75b8c87e72b9d9360e0206b99dcbffa6c5"
  integrity sha512-8QQikdH7//R2vurIJSutZ1smHYTcLpRWEOlHnzcWHmBYrOGUysKwSsrC89BCiFj3CbrfJ/nXFdJepOVrY1GCHQ==
  dependencies:
    loose-envify "^1.4.0"
    object-assign "^4.1.1"
    react-is "^16.8.1"

react-feather@^2.0.3:
  version "2.0.8"
  resolved "https://registry.yarnpkg.com/react-feather/-/react-feather-2.0.8.tgz#455baf1470f756a57e2ad6c72545444ce5925781"
  integrity sha512-J0dCEOvOxpovHeOVj3+8mAhN3/UERTfX6rSxnV6x4E+0s+STY536jhSjRfpSvTQA0SSFjYr4KrpPfdsLmK+zZg==
  dependencies:
    prop-types "^15.7.2"

react-is@^16.7.0, react-is@^16.8.1:
  version "16.13.1"
  resolved "https://registry.yarnpkg.com/react-is/-/react-is-16.13.1.tgz#789729a4dc36de2999dc156dd6c1d9c18cea56a4"
  integrity sha512-24e6ynE2H+OKt4kqsOvNd8kBpV65zoxbA4BVsEOB3ARVWQki/DHzaUoC5KuON/BiccDaCCTZBuOcfZs70kR8bQ==

"react-is@^16.8.0 || ^17.0.0":
  version "17.0.1"
  resolved "https://registry.yarnpkg.com/react-is/-/react-is-17.0.1.tgz#5b3531bd76a645a4c9fb6e693ed36419e3301339"
  integrity sha512-NAnt2iGDXohE5LI7uBnLnqvLQMtzhkiAOLXTmv+qnF9Ky7xAPcX8Up/xWIhxvLVGJvuLiNc4xQLtuqDRzb4fSA==

react-transition-group@^4.4.0:
  version "4.4.1"
  resolved "https://registry.yarnpkg.com/react-transition-group/-/react-transition-group-4.4.1.tgz#63868f9325a38ea5ee9535d828327f85773345c9"
  integrity sha512-Djqr7OQ2aPUiYurhPalTrVy9ddmFCCzwhqQmtN+J3+3DzLO209Fdr70QrN8Z3DsglWql6iY1lDWAfpFiBtuKGw==
  dependencies:
    "@babel/runtime" "^7.5.5"
    dom-helpers "^5.0.1"
    loose-envify "^1.4.0"
    prop-types "^15.6.2"

regenerator-runtime@^0.13.4:
  version "0.13.7"
  resolved "https://registry.yarnpkg.com/regenerator-runtime/-/regenerator-runtime-0.13.7.tgz#cac2dacc8a1ea675feaabaeb8ae833898ae46f55"
  integrity sha512-a54FxoJDIr27pgf7IgeQGxmqUNYrcV338lf/6gH456HZ/PhX+5BcwHXG9ajESmwe6WRO0tAzRUrRmNONWgkrew==

style-value-types@^3.1.9:
  version "3.1.9"
  resolved "https://registry.yarnpkg.com/style-value-types/-/style-value-types-3.1.9.tgz#faf7da660d3f284ed695cff61ea197d85b9122cc"
  integrity sha512-050uqgB7WdvtgacoQKm+4EgKzJExVq0sieKBQQtJiU3Muh6MYcCp4T3M8+dfl6VOF2LR0NNwXBP1QYEed8DfIw==
  dependencies:
    hey-listen "^1.0.8"
    tslib "^1.10.0"

symbol-observable@1.2.0:
  version "1.2.0"
  resolved "https://registry.yarnpkg.com/symbol-observable/-/symbol-observable-1.2.0.tgz#c22688aed4eab3cdc2dfeacbb561660560a00804"
  integrity sha512-e900nM8RRtGhlV36KGEU9k65K3mPb1WV70OdjfxlG2EAuM1noi/E/BaW/uMhL7bPEssK8QV57vN3esixjUvcXQ==

tiny-warning@^1.0.2:
  version "1.0.3"
  resolved "https://registry.yarnpkg.com/tiny-warning/-/tiny-warning-1.0.3.tgz#94a30db453df4c643d0fd566060d60a875d84754"
  integrity sha512-lBN9zLN/oAf68o3zNXYrdCt1kP8WsiGW8Oo2ka41b2IM5JL/S1CTyX1rW0mb/zSuJun0ZUrDxx4sqvYS2FWzPA==

tslib@^1.10.0:
  version "1.13.0"
  resolved "https://registry.yarnpkg.com/tslib/-/tslib-1.13.0.tgz#c881e13cc7015894ed914862d276436fa9a47043"
  integrity sha512-i/6DQjL8Xf3be4K/E6Wgpekn5Qasl1usyw++dAA35Ue5orEn65VIxOA+YvNNl9HV3qv70T7CNwjODHZrLwvd1Q==
